
Microsoft Visual Studio Solution File, Format Version 12.00
# Visual Studio Version 17
VisualStudioVersion = 17.1.32319.34
MinimumVisualStudioVersion = 10.0.40219.1
Project("{9A19103F-16F7-4668-BE54-9A1E7A4F7556}") = "WebApplication8", "WebApplication8\WebApplication8.csproj", "{4092B624-9917-4FD6-8D24-FA941935B8A1}"
EndProject
Project("{FAE04EC0-301F-11D3-BF4B-00C04F79EFBC}") = "DET_Batch1_MS_Aug22", "DET_Batch1_MS_Aug22\DET_Batch1_MS_Aug22.csproj", "{19DE45A6-6D43-4E9C-A864-DB103CAC252E}"
EndProject
Project("{FAE04EC0-301F-11D3-BF4B-00C04F79EFBC}") = "DET_Test_Project", "DET_Test_Project\DET_Test_Project.csproj", "{2F22227A-8F8E-41EC-B1FD-777BE435DFD9}"
EndProject
Global
	GlobalSection(SolutionConfigurationPlatforms) = preSolution
		Debug|Any CPU = Debug|Any CPU
		Release|Any CPU = Release|Any CPU
	EndGlobalSection
	GlobalSection(ProjectConfigurationPlatforms) = postSolution
		{4092B624-9917-4FD6-8D24-FA941935B8A1}.Debug|Any CPU.ActiveCfg = Debug|Any CPU
		{4092B624-9917-4FD6-8D24-FA941935B8A1}.Debug|Any CPU.Build.0 = Debug|Any CPU
		{4092B624-9917-4FD6-8D24-FA941935B8A1}.Release|Any CPU.ActiveCfg = Release|Any CPU
		{4092B624-9917-4FD6-8D24-FA941935B8A1}.Release|Any CPU.Build.0 = Release|Any CPU
		{19DE45A6-6D43-4E9C-A864-DB103CAC252E}.Debug|Any CPU.ActiveCfg = Debug|Any CPU
		{19DE45A6-6D43-4E9C-A864-DB103CAC252E}.Debug|Any CPU.Build.0 = Debug|Any CPU
		{19DE45A6-6D43-4E9C-A864-DB103CAC252E}.Release|Any CPU.ActiveCfg = Release|Any CPU
		{19DE45A6-6D43-4E9C-A864-DB103CAC252E}.Release|Any CPU.Build.0 = Release|Any CPU
		{2F22227A-8F8E-41EC-B1FD-777BE435DFD9}.Debug|Any CPU.ActiveCfg = Debug|Any CPU
		{2F22227A-8F8E-41EC-B1FD-777BE435DFD9}.Debug|Any CPU.Build.0 = Debug|Any CPU
		{2F22227A-8F8E-41EC-B1FD-777BE435DFD9}.Release|Any CPU.ActiveCfg = Release|Any CPU
		{2F22227A-8F8E-41EC-B1FD-777BE435DFD9}.Release|Any CPU.Build.0 = Release|Any CPU
	EndGlobalSection
	GlobalSection(SolutionProperties) = preSolution
		HideSolutionNode = FALSE
	EndGlobalSection
	GlobalSection(ExtensibilityGlobals) = postSolution
		SolutionGuid = {EAB4CFC9-D65D-45A5-AE2F-675193191800}
	EndGlobalSection
EndGlobal
